<?xml version="1.0" encoding="utf-8"?>
<Project ToolsVersion="4.0" xmlns="http://schemas.microsoft.com/developer/msbuild/2003">
  <ItemGroup>
    <ClCompile Include="TelemetryClient.cpp" />
    <ClCompile Include="Channel\TelemetryChannel.cpp">
      <Filter>channel</Filter>
    </ClCompile>
    <ClCompile Include="channel\utils\HttpRequest.cpp">
      <Filter>channel\utils</Filter>
    </ClCompile>
    <ClCompile Include="channel\utils\HttpResponse.cpp">
      <Filter>channel\utils</Filter>
    </ClCompile>
    <ClCompile Include="common\StreamWriter.cpp">
      <Filter>common</Filter>
    </ClCompile>
    <ClCompile Include="common\Utils.cpp">
      <Filter>common</Filter>
    </ClCompile>
    <ClCompile Include="channel\utils\HttpHeaderField.cpp">
      <Filter>channel\Utils</Filter>
    </ClCompile>
    <ClCompile Include="common\StringWriter.cpp">
      <Filter>common</Filter>
    </ClCompile>
    <ClCompile Include="common\JsonWriter.cpp">
      <Filter>common</Filter>
    </ClCompile>
    <ClCompile Include="contracts\Application.cpp">
      <Filter>contracts</Filter>
    </ClCompile>
    <ClCompile Include="contracts\Base.cpp">
      <Filter>contracts</Filter>
    </ClCompile>
    <ClCompile Include="contracts\CrashData.cpp">
      <Filter>contracts</Filter>
    </ClCompile>
    <ClCompile Include="contracts\CrashDataBinary.cpp">
      <Filter>contracts</Filter>
    </ClCompile>
    <ClCompile Include="contracts\CrashDataHeaders.cpp">
      <Filter>contracts</Filter>
    </ClCompile>
    <ClCompile Include="contracts\CrashDataThread.cpp">
      <Filter>contracts</Filter>
    </ClCompile>
    <ClCompile Include="contracts\CrashDataThreadFrame.cpp">
      <Filter>contracts</Filter>
    </ClCompile>
    <ClCompile Include="contracts\Data.cpp">
      <Filter>contracts</Filter>
    </ClCompile>
    <ClCompile Include="contracts\DataPoint.cpp">
      <Filter>contracts</Filter>
    </ClCompile>
    <ClCompile Include="contracts\Device.cpp">
      <Filter>contracts</Filter>
    </ClCompile>
    <ClCompile Include="contracts\Domain.cpp">
      <Filter>contracts</Filter>
    </ClCompile>
    <ClCompile Include="contracts\Envelope.cpp">
      <Filter>contracts</Filter>
    </ClCompile>
    <ClCompile Include="contracts\EventData.cpp">
      <Filter>contracts</Filter>
    </ClCompile>
    <ClCompile Include="contracts\ExceptionData.cpp">
      <Filter>contracts</Filter>
    </ClCompile>
    <ClCompile Include="contracts\ExceptionDetails.cpp">
      <Filter>contracts</Filter>
    </ClCompile>
    <ClCompile Include="contracts\Internal.cpp">
      <Filter>contracts</Filter>
    </ClCompile>
    <ClCompile Include="contracts\Location.cpp">
      <Filter>contracts</Filter>
    </ClCompile>
    <ClCompile Include="contracts\MessageData.cpp">
      <Filter>contracts</Filter>
    </ClCompile>
    <ClCompile Include="contracts\MetricData.cpp">
      <Filter>contracts</Filter>
    </ClCompile>
    <ClCompile Include="contracts\Operation.cpp">
      <Filter>contracts</Filter>
    </ClCompile>
    <ClCompile Include="contracts\PageViewData.cpp">
      <Filter>contracts</Filter>
    </ClCompile>
    <ClCompile Include="contracts\PageViewPerfData.cpp">
      <Filter>contracts</Filter>
    </ClCompile>
    <ClCompile Include="contracts\RemoteDependencyData.cpp">
      <Filter>contracts</Filter>
    </ClCompile>
    <ClCompile Include="contracts\RequestData.cpp">
      <Filter>contracts</Filter>
    </ClCompile>
    <ClCompile Include="contracts\Session.cpp">
      <Filter>contracts</Filter>
    </ClCompile>
    <ClCompile Include="contracts\SessionStateData.cpp">
      <Filter>contracts</Filter>
    </ClCompile>
    <ClCompile Include="contracts\StackFrame.cpp">
      <Filter>contracts</Filter>
    </ClCompile>
    <ClCompile Include="contracts\User.cpp">
      <Filter>contracts</Filter>
    </ClCompile>
    <ClCompile Include="common\Serializer.cpp">
      <Filter>contracts</Filter>
    </ClCompile>
    <ClCompile Include="TelemetryContextWinPhone.cpp" />
    <ClCompile Include="TelemetryContextWinStore.cpp" />
    <ClCompile Include="TelemetryContextWin32.cpp" />
    <ClCompile Include="BaseTelemetryContext.cpp" />
    <ClCompile Include="stdafx.cpp" />
  </ItemGroup>
  <ItemGroup>
    <ClInclude Include="stdafx.h" />
    <ClInclude Include="Inc\BaseTelemetryContext.h">
      <Filter>Inc</Filter>
    </ClInclude>
    <ClInclude Include="Inc\TelemetryClient.h">
      <Filter>Inc</Filter>
    </ClInclude>
    <ClInclude Include="Inc\TelemetryContext.h">
      <Filter>Inc</Filter>
    </ClInclude>
    <ClInclude Include="Inc\TelemetryClientConfig.h">
      <Filter>Inc</Filter>
    </ClInclude>
    <ClInclude Include="Inc\channel\TelemetryChannel.h">
      <Filter>Inc\channel</Filter>
    </ClInclude>
    <ClInclude Include="Inc\channel\utils\HttpHeaderFields.h">
      <Filter>Inc\channel\utils</Filter>
    </ClInclude>
    <ClInclude Include="Inc\channel\utils\HttpRequest.h">
      <Filter>Inc\channel\utils</Filter>
    </ClInclude>
    <ClInclude Include="Inc\channel\utils\HttpResponse.h">
      <Filter>Inc\channel\utils</Filter>
    </ClInclude>
    <ClInclude Include="Inc\channel\utils\HttpHeaderField.h">
      <Filter>Inc\channel\utils</Filter>
    </ClInclude>
    <ClInclude Include="Inc\common\Common.h">
      <Filter>Inc\common</Filter>
    </ClInclude>
    <ClInclude Include="Inc\common\JsonWriter.h">
      <Filter>Inc\common</Filter>
    </ClInclude>
    <ClInclude Include="Inc\common\Nullable.h">
      <Filter>Inc\common</Filter>
    </ClInclude>
    <ClInclude Include="Inc\common\Serializer.h">
      <Filter>Inc\common</Filter>
    </ClInclude>
    <ClInclude Include="Inc\common\StreamWriter.h">
      <Filter>Inc\common</Filter>
    </ClInclude>
    <ClInclude Include="Inc\common\StringWriter.h">
      <Filter>Inc\common</Filter>
    </ClInclude>
    <ClInclude Include="Inc\common\Utils.h">
      <Filter>Inc\common</Filter>
    </ClInclude>
    <ClInclude Include="Inc\contracts\CrashData.h">
      <Filter>Inc\contracts</Filter>
    </ClInclude>
    <ClInclude Include="Inc\contracts\CrashDataBinary.h">
      <Filter>Inc\contracts</Filter>
    </ClInclude>
    <ClInclude Include="Inc\contracts\CrashDataHeaders.h">
      <Filter>Inc\contracts</Filter>
    </ClInclude>
    <ClInclude Include="Inc\contracts\CrashDataThread.h">
      <Filter>Inc\contracts</Filter>
    </ClInclude>
    <ClInclude Include="Inc\contracts\CrashDataThreadFrame.h">
      <Filter>Inc\contracts</Filter>
    </ClInclude>
    <ClInclude Include="Inc\contracts\Data.h">
      <Filter>Inc\contracts</Filter>
    </ClInclude>
    <ClInclude Include="Inc\contracts\DataPoint.h">
      <Filter>Inc\contracts</Filter>
    </ClInclude>
    <ClInclude Include="Inc\contracts\DataPointType.h">
      <Filter>Inc\contracts</Filter>
    </ClInclude>
    <ClInclude Include="Inc\contracts\DependencyKind.h">
      <Filter>Inc\contracts</Filter>
    </ClInclude>
    <ClInclude Include="Inc\contracts\DependencySourceType.h">
      <Filter>Inc\contracts</Filter>
    </ClInclude>
    <ClInclude Include="Inc\contracts\Device.h">
      <Filter>Inc\contracts</Filter>
    </ClInclude>
    <ClInclude Include="Inc\contracts\Domain.h">
      <Filter>Inc\contracts</Filter>
    </ClInclude>
    <ClInclude Include="Inc\contracts\Envelope.h">
      <Filter>Inc\contracts</Filter>
    </ClInclude>
    <ClInclude Include="Inc\contracts\EventData.h">
      <Filter>Inc\contracts</Filter>
    </ClInclude>
    <ClInclude Include="Inc\contracts\ExceptionData.h">
      <Filter>Inc\contracts</Filter>
    </ClInclude>
    <ClInclude Include="Inc\contracts\ExceptionDetails.h">
      <Filter>Inc\contracts</Filter>
    </ClInclude>
    <ClInclude Include="Inc\contracts\Internal.h">
      <Filter>Inc\contracts</Filter>
    </ClInclude>
    <ClInclude Include="Inc\contracts\Location.h">
      <Filter>Inc\contracts</Filter>
    </ClInclude>
    <ClInclude Include="Inc\contracts\MessageData.h">
      <Filter>Inc\contracts</Filter>
    </ClInclude>
    <ClInclude Include="Inc\contracts\MetricData.h">
      <Filter>Inc\contracts</Filter>
    </ClInclude>
    <ClInclude Include="Inc\contracts\Operation.h">
      <Filter>Inc\contracts</Filter>
    </ClInclude>
    <ClInclude Include="Inc\contracts\PageViewData.h">
      <Filter>Inc\contracts</Filter>
    </ClInclude>
    <ClInclude Include="Inc\contracts\PageViewPerfData.h">
      <Filter>Inc\contracts</Filter>
    </ClInclude>
    <ClInclude Include="Inc\contracts\RemoteDependencyData.h">
      <Filter>Inc\contracts</Filter>
    </ClInclude>
    <ClInclude Include="Inc\contracts\RequestData.h">
      <Filter>Inc\contracts</Filter>
    </ClInclude>
    <ClInclude Include="Inc\contracts\Session.h">
      <Filter>Inc\contracts</Filter>
    </ClInclude>
    <ClInclude Include="Inc\contracts\SessionState.h">
      <Filter>Inc\contracts</Filter>
    </ClInclude>
    <ClInclude Include="Inc\contracts\SessionStateData.h">
      <Filter>Inc\contracts</Filter>
    </ClInclude>
    <ClInclude Include="Inc\contracts\SeverityLevel.h">
      <Filter>Inc\contracts</Filter>
    </ClInclude>
    <ClInclude Include="Inc\contracts\StackFrame.h">
      <Filter>Inc\contracts</Filter>
    </ClInclude>
    <ClInclude Include="Inc\contracts\User.h">
      <Filter>Inc\contracts</Filter>
    </ClInclude>
    <ClInclude Include="Inc\contracts\Application.h">
      <Filter>Inc\contracts</Filter>
    </ClInclude>
    <ClInclude Include="Inc\contracts\Base.h">
      <Filter>Inc\contracts</Filter>
    </ClInclude>
    <ClInclude Include="Inc\contracts\Contracts.h">
      <Filter>Inc\contracts</Filter>
    </ClInclude>
  </ItemGroup>
  <ItemGroup>
    <Filter Include="contracts">
      <UniqueIdentifier>{f8f9af89-5978-4aa7-9a75-c746fe11cc3a}</UniqueIdentifier>
    </Filter>
    <Filter Include="contracts\shared">
      <UniqueIdentifier>{58df0004-debe-4a29-8c56-e6d8cfdafec6}</UniqueIdentifier>
    </Filter>
    <Filter Include="channel">
      <UniqueIdentifier>{4e946ab6-8603-4dd4-8511-015e5586c819}</UniqueIdentifier>
    </Filter>
    <Filter Include="channel\utils">
      <UniqueIdentifier>{c7cabae0-e33a-42b6-be50-c10a391b1cd1}</UniqueIdentifier>
    </Filter>
    <Filter Include="common">
      <UniqueIdentifier>{01c317b8-85fb-4ce6-b607-49d1b8b0314e}</UniqueIdentifier>
    </Filter>
    <Filter Include="Inc">
      <UniqueIdentifier>{038c1bdb-0623-457a-8909-233d5f605c49}</UniqueIdentifier>
    </Filter>
    <Filter Include="Inc\channel">
      <UniqueIdentifier>{816b105d-5b57-4714-95dc-3388d34dc53e}</UniqueIdentifier>
    </Filter>
    <Filter Include="Inc\common">
      <UniqueIdentifier>{e122710b-027a-4bce-91af-aa3b74161d76}</UniqueIdentifier>
    </Filter>
    <Filter Include="Inc\contracts">
      <UniqueIdentifier>{97823a5c-30c5-4e70-971e-e780afb5e0f6}</UniqueIdentifier>
    </Filter>
    <Filter Include="Inc\channel\utils">
      <UniqueIdentifier>{27f93ae4-5a3d-4c7b-bbb3-2b0b8e08c39e}</UniqueIdentifier>
    </Filter>
  </ItemGroup>
</Project>